
Microsoft Visual Studio Solution File, Format Version 12.00
# Visual Studio Version 16
VisualStudioVersion = 16.0.31624.102
MinimumVisualStudioVersion = 10.0.40219.1
Project("{FAE04EC0-301F-11D3-BF4B-00C04F79EFBC}") = "Doctor_Appointment_WebAPI_BackEnd", "Doctor_Appointment_WebAPI_BackEnd\Doctor_Appointment_WebAPI_BackEnd.csproj", "{BE758590-5808-4830-B7CF-41F95FA610C8}"
EndProject
Global
	GlobalSection(SolutionConfigurationPlatforms) = preSolution
		Debug|Any CPU = Debug|Any CPU
		Release|Any CPU = Release|Any CPU
	EndGlobalSection
	GlobalSection(ProjectConfigurationPlatforms) = postSolution
		{BE758590-5808-4830-B7CF-41F95FA610C8}.Debug|Any CPU.ActiveCfg = Debug|Any CPU
		{BE758590-5808-4830-B7CF-41F95FA610C8}.Debug|Any CPU.Build.0 = Debug|Any CPU
		{BE758590-5808-4830-B7CF-41F95FA610C8}.Release|Any CPU.ActiveCfg = Release|Any CPU
		{BE758590-5808-4830-B7CF-41F95FA610C8}.Release|Any CPU.Build.0 = Release|Any CPU
	EndGlobalSection
	GlobalSection(SolutionProperties) = preSolution
		HideSolutionNode = FALSE
	EndGlobalSection
	GlobalSection(ExtensibilityGlobals) = postSolution
		SolutionGuid = {51A4C156-54C2-4872-AFA9-B47E1D5CDE5C}
	EndGlobalSection
EndGlobal
